
Microsoft Visual Studio Solution File, Format Version 12.00
# Visual Studio 15
VisualStudioVersion = 15.0.28307.421
MinimumVisualStudioVersion = 10.0.40219.1
Project("{FAE04EC0-301F-11D3-BF4B-00C04F79EFBC}") = "DogProjectMVC", "DogProjectMVC\DogProjectMVC.csproj", "{1D8FC9A4-DB0C-4712-AAE0-736EA38A7D95}"
EndProject
Global
	GlobalSection(SolutionConfigurationPlatforms) = preSolution
		Debug|Any CPU = Debug|Any CPU
		Release|Any CPU = Release|Any CPU
	EndGlobalSection
	GlobalSection(ProjectConfigurationPlatforms) = postSolution
		{1D8FC9A4-DB0C-4712-AAE0-736EA38A7D95}.Debug|Any CPU.ActiveCfg = Debug|Any CPU
		{1D8FC9A4-DB0C-4712-AAE0-736EA38A7D95}.Debug|Any CPU.Build.0 = Debug|Any CPU
		{1D8FC9A4-DB0C-4712-AAE0-736EA38A7D95}.Release|Any CPU.ActiveCfg = Release|Any CPU
		{1D8FC9A4-DB0C-4712-AAE0-736EA38A7D95}.Release|Any CPU.Build.0 = Release|Any CPU
	EndGlobalSection
	GlobalSection(SolutionProperties) = preSolution
		HideSolutionNode = FALSE
	EndGlobalSection
	GlobalSection(ExtensibilityGlobals) = postSolution
		SolutionGuid = {70E8F705-9142-4C25-BEEF-B8281B4422FD}
	EndGlobalSection
EndGlobal
