
Microsoft Visual Studio Solution File, Format Version 12.00
# Visual Studio 15
VisualStudioVersion = 15.0.28307.421
MinimumVisualStudioVersion = 10.0.40219.1
Project("{FAE04EC0-301F-11D3-BF4B-00C04F79EFBC}") = "FileIO", "FileIO\FileIO.csproj", "{295BEECD-091E-4EC1-845A-231F4966573A}"
EndProject
Global
	GlobalSection(SolutionConfigurationPlatforms) = preSolution
		Debug|Any CPU = Debug|Any CPU
		Release|Any CPU = Release|Any CPU
	EndGlobalSection
	GlobalSection(ProjectConfigurationPlatforms) = postSolution
		{295BEECD-091E-4EC1-845A-231F4966573A}.Debug|Any CPU.ActiveCfg = Debug|Any CPU
		{295BEECD-091E-4EC1-845A-231F4966573A}.Debug|Any CPU.Build.0 = Debug|Any CPU
		{295BEECD-091E-4EC1-845A-231F4966573A}.Release|Any CPU.ActiveCfg = Release|Any CPU
		{295BEECD-091E-4EC1-845A-231F4966573A}.Release|Any CPU.Build.0 = Release|Any CPU
	EndGlobalSection
	GlobalSection(SolutionProperties) = preSolution
		HideSolutionNode = FALSE
	EndGlobalSection
	GlobalSection(ExtensibilityGlobals) = postSolution
		SolutionGuid = {314A914B-547D-4E81-9942-346DEF8F74CC}
	EndGlobalSection
EndGlobal
